// !$*UTF8*$!
{
	archiveVersion = 1;
	classes = {
	};
	objectVersion = 77;
	objects = {

/* Begin PBXBuildFile section */
		D1A000000000000000000201 /* LocalDropShare.appex in Embed Foundation Extensions */ = {isa = PBXBuildFile; fileRef = D1A0000000000000000000A4 /* LocalDropShare.appex */; settings = {ATTRIBUTES = (RemoveHeadersOnCopy, ); }; };
		D1A000000000000000000204 /* test-vectors.properties in Resources */ = {isa = PBXBuildFile; fileRef = D1A0000000000000000000A8 /* test-vectors.properties */; };
/* End PBXBuildFile section */

/* Begin PBXContainerItemProxy section */
		D1A000000000000000000202 /* PBXContainerItemProxy */ = {
			isa = PBXContainerItemProxy;
			containerPortal = D1A0000000000000000000E0 /* Project object */;
			proxyType = 1;
			remoteGlobalIDString = D1A0000000000000000000E2;
			remoteInfo = LocalDropShare;
		};
		D1A000000000000000000205 /* PBXContainerItemProxy */ = {
			isa = PBXContainerItemProxy;
			containerPortal = D1A0000000000000000000E0 /* Project object */;
			proxyType = 1;
			remoteGlobalIDString = D1A0000000000000000000E1;
			remoteInfo = LocalDrop;
		};
/* End PBXContainerItemProxy section */

/* Begin PBXCopyFilesBuildPhase section */
		D1A0000000000000000000C7 /* Embed Foundation Extensions */ = {
			isa = PBXCopyFilesBuildPhase;
			buildActionMask = 2147483647;
			dstPath = "";
			dstSubfolderSpec = 13;
			files = (
				D1A000000000000000000201 /* LocalDropShare.appex in Embed Foundation Extensions */,
			);
			name = "Embed Foundation Extensions";
			runOnlyForDeploymentPostprocessing = 0;
		};
/* End PBXCopyFilesBuildPhase section */

/* Begin PBXFileReference section */
		D1A0000000000000000000A1 /* LocalDrop.app */ = {isa = PBXFileReference; explicitFileType = wrapper.application; includeInIndex = 0; path = LocalDrop.app; sourceTree = BUILT_PRODUCTS_DIR; };
		D1A0000000000000000000A2 /* Info.plist */ = {isa = PBXFileReference; lastKnownFileType = text.plist.xml; path = Info.plist; sourceTree = "<group>"; };
		D1A0000000000000000000A3 /* LocalDrop.entitlements */ = {isa = PBXFileReference; lastKnownFileType = text.plist.entitlements; path = LocalDrop.entitlements; sourceTree = "<group>"; };
		D1A0000000000000000000A4 /* LocalDropShare.appex */ = {isa = PBXFileReference; explicitFileType = "wrapper.app-extension"; includeInIndex = 0; path = LocalDropShare.appex; sourceTree = BUILT_PRODUCTS_DIR; };
		D1A0000000000000000000A5 /* ShareInfo.plist */ = {isa = PBXFileReference; lastKnownFileType = text.plist.xml; path = ShareInfo.plist; sourceTree = "<group>"; };
		D1A0000000000000000000A6 /* LocalDropShare.entitlements */ = {isa = PBXFileReference; lastKnownFileType = text.plist.entitlements; path = LocalDropShare.entitlements; sourceTree = "<group>"; };
		D1A0000000000000000000A7 /* LocalDropTests.xctest */ = {isa = PBXFileReference; explicitFileType = wrapper.cfbundle; includeInIndex = 0; path = LocalDropTests.xctest; sourceTree = BUILT_PRODUCTS_DIR; };
		D1A0000000000000000000A8 /* test-vectors.properties */ = {isa = PBXFileReference; lastKnownFileType = text; name = "test-vectors.properties"; path = "../protocol/test-vectors.properties"; sourceTree = SOURCE_ROOT; };
/* End PBXFileReference section */

/* Begin PBXFileSystemSynchronizedRootGroup section */
		D1A0000000000000000000B1 /* LocalDrop */ = {
			isa = PBXFileSystemSynchronizedRootGroup;
			path = LocalDrop;
			sourceTree = "<group>";
		};
		D1A0000000000000000000B2 /* ShareExtension */ = {
			isa = PBXFileSystemSynchronizedRootGroup;
			path = ShareExtension;
			sourceTree = "<group>";
		};
		D1A0000000000000000000B3 /* Shared */ = {
			isa = PBXFileSystemSynchronizedRootGroup;
			path = Shared;
			sourceTree = "<group>";
		};
		D1A0000000000000000000B4 /* LocalDropTests */ = {
			isa = PBXFileSystemSynchronizedRootGroup;
			path = LocalDropTests;
			sourceTree = "<group>";
		};
/* End PBXFileSystemSynchronizedRootGroup section */

/* Begin PBXFrameworksBuildPhase section */
		D1A0000000000000000000C1 /* Frameworks */ = {
			isa = PBXFrameworksBuildPhase;
			buildActionMask = 2147483647;
			files = (
			);
			runOnlyForDeploymentPostprocessing = 0;
		};
		D1A0000000000000000000C5 /* Frameworks */ = {
			isa = PBXFrameworksBuildPhase;
			buildActionMask = 2147483647;
			files = (
			);
			runOnlyForDeploymentPostprocessing = 0;
		};
		D1A0000000000000000000C9 /* Frameworks */ = {
			isa = PBXFrameworksBuildPhase;
			buildActionMask = 2147483647;
			files = (
			);
			runOnlyForDeploymentPostprocessing = 0;
		};
/* End PBXFrameworksBuildPhase section */

/* Begin PBXGroup section */
		D1A0000000000000000000D1 = {
			isa = PBXGroup;
			children = (
				D1A0000000000000000000B1 /* LocalDrop */,
				D1A0000000000000000000B2 /* ShareExtension */,
				D1A0000000000000000000B3 /* Shared */,
				D1A0000000000000000000B4 /* LocalDropTests */,
				D1A0000000000000000000A8 /* test-vectors.properties */,
				D1A0000000000000000000D3 /* Support */,
				D1A0000000000000000000D2 /* Products */,
			);
			sourceTree = "<group>";
		};
		D1A0000000000000000000D2 /* Products */ = {
			isa = PBXGroup;
			children = (
				D1A0000000000000000000A1 /* LocalDrop.app */,
				D1A0000000000000000000A4 /* LocalDropShare.appex */,
				D1A0000000000000000000A7 /* LocalDropTests.xctest */,
			);
			name = Products;
			sourceTree = "<group>";
		};
		D1A0000000000000000000D3 /* Support */ = {
			isa = PBXGroup;
			children = (
				D1A0000000000000000000A2 /* Info.plist */,
				D1A0000000000000000000A3 /* LocalDrop.entitlements */,
				D1A0000000000000000000A5 /* ShareInfo.plist */,
				D1A0000000000000000000A6 /* LocalDropShare.entitlements */,
			);
			path = Support;
			sourceTree = "<group>";
		};
/* End PBXGroup section */

/* Begin PBXNativeTarget section */
		D1A0000000000000000000E1 /* LocalDrop */ = {
			isa = PBXNativeTarget;
			buildConfigurationList = D1A0000000000000000000F2 /* Build configuration list for PBXNativeTarget "LocalDrop" */;
			buildPhases = (
				D1A0000000000000000000C2 /* Sources */,
				D1A0000000000000000000C1 /* Frameworks */,
				D1A0000000000000000000C3 /* Resources */,
				D1A0000000000000000000C7 /* Embed Foundation Extensions */,
			);
			buildRules = (
			);
			dependencies = (
				D1A000000000000000000203 /* PBXTargetDependency */,
			);
			fileSystemSynchronizedGroups = (
				D1A0000000000000000000B1 /* LocalDrop */,
				D1A0000000000000000000B3 /* Shared */,
			);
			name = LocalDrop;
			packageProductDependencies = (
			);
			productName = LocalDrop;
			productReference = D1A0000000000000000000A1 /* LocalDrop.app */;
			productType = "com.apple.product-type.application";
		};
		D1A0000000000000000000E2 /* LocalDropShare */ = {
			isa = PBXNativeTarget;
			buildConfigurationList = D1A0000000000000000000F3 /* Build configuration list for PBXNativeTarget "LocalDropShare" */;
			buildPhases = (
				D1A0000000000000000000C4 /* Sources */,
				D1A0000000000000000000C5 /* Frameworks */,
				D1A0000000000000000000C6 /* Resources */,
			);
			buildRules = (
			);
			dependencies = (
			);
			fileSystemSynchronizedGroups = (
				D1A0000000000000000000B2 /* ShareExtension */,
				D1A0000000000000000000B3 /* Shared */,
			);
			name = LocalDropShare;
			packageProductDependencies = (
			);
			productName = LocalDropShare;
			productReference = D1A0000000000000000000A4 /* LocalDropShare.appex */;
			productType = "com.apple.product-type.app-extension";
		};
		D1A0000000000000000000E3 /* LocalDropTests */ = {
			isa = PBXNativeTarget;
			buildConfigurationList = D1A0000000000000000000F4 /* Build configuration list for PBXNativeTarget "LocalDropTests" */;
			buildPhases = (
				D1A0000000000000000000C8 /* Sources */,
				D1A0000000000000000000C9 /* Frameworks */,
				D1A0000000000000000000CA /* Resources */,
			);
			buildRules = (
			);
			dependencies = (
				D1A000000000000000000206 /* PBXTargetDependency */,
			);
			fileSystemSynchronizedGroups = (
				D1A0000000000000000000B4 /* LocalDropTests */,
			);
			name = LocalDropTests;
			packageProductDependencies = (
			);
			productName = LocalDropTests;
			productReference = D1A0000000000000000000A7 /* LocalDropTests.xctest */;
			productType = "com.apple.product-type.bundle.unit-test";
		};
/* End PBXNativeTarget section */

/* Begin PBXProject section */
		D1A0000000000000000000E0 /* Project object */ = {
			isa = PBXProject;
			attributes = {
				BuildIndependentTargetsInParallel = 1;
				LastSwiftUpdateCheck = 2700;
				LastUpgradeCheck = 2700;
				TargetAttributes = {
					D1A0000000000000000000E1 = {
						CreatedOnToolsVersion = 27.0;
					};
					D1A0000000000000000000E2 = {
						CreatedOnToolsVersion = 27.0;
					};
					D1A0000000000000000000E3 = {
						CreatedOnToolsVersion = 27.0;
						TestTargetID = D1A0000000000000000000E1;
					};
				};
			};
			buildConfigurationList = D1A0000000000000000000F1 /* Build configuration list for PBXProject "LocalDrop" */;
			developmentRegion = en;
			hasScannedForEncodings = 0;
			knownRegions = (
				en,
				Base,
				ru,
			);
			mainGroup = D1A0000000000000000000D1;
			minimizedProjectReferenceProxies = 1;
			preferredProjectObjectVersion = 77;
			productRefGroup = D1A0000000000000000000D2 /* Products */;
			projectDirPath = "";
			projectRoot = "";
			targets = (
				D1A0000000000000000000E1 /* LocalDrop */,
				D1A0000000000000000000E2 /* LocalDropShare */,
				D1A0000000000000000000E3 /* LocalDropTests */,
			);
		};
/* End PBXProject section */

/* Begin PBXResourcesBuildPhase section */
		D1A0000000000000000000C3 /* Resources */ = {
			isa = PBXResourcesBuildPhase;
			buildActionMask = 2147483647;
			files = (
			);
			runOnlyForDeploymentPostprocessing = 0;
		};
		D1A0000000000000000000C6 /* Resources */ = {
			isa = PBXResourcesBuildPhase;
			buildActionMask = 2147483647;
			files = (
			);
			runOnlyForDeploymentPostprocessing = 0;
		};
		D1A0000000000000000000CA /* Resources */ = {
			isa = PBXResourcesBuildPhase;
			buildActionMask = 2147483647;
			files = (
				D1A000000000000000000204 /* test-vectors.properties in Resources */,
			);
			runOnlyForDeploymentPostprocessing = 0;
		};
/* End PBXResourcesBuildPhase section */

/* Begin PBXSourcesBuildPhase section */
		D1A0000000000000000000C2 /* Sources */ = {
			isa = PBXSourcesBuildPhase;
			buildActionMask = 2147483647;
			files = (
			);
			runOnlyForDeploymentPostprocessing = 0;
		};
		D1A0000000000000000000C4 /* Sources */ = {
			isa = PBXSourcesBuildPhase;
			buildActionMask = 2147483647;
			files = (
			);
			runOnlyForDeploymentPostprocessing = 0;
		};
		D1A0000000000000000000C8 /* Sources */ = {
			isa = PBXSourcesBuildPhase;
			buildActionMask = 2147483647;
			files = (
			);
			runOnlyForDeploymentPostprocessing = 0;
		};
/* End PBXSourcesBuildPhase section */

/* Begin PBXTargetDependency section */
		D1A000000000000000000203 /* PBXTargetDependency */ = {
			isa = PBXTargetDependency;
			target = D1A0000000000000000000E2 /* LocalDropShare */;
			targetProxy = D1A000000000000000000202 /* PBXContainerItemProxy */;
		};
		D1A000000000000000000206 /* PBXTargetDependency */ = {
			isa = PBXTargetDependency;
			target = D1A0000000000000000000E1 /* LocalDrop */;
			targetProxy = D1A000000000000000000205 /* PBXContainerItemProxy */;
		};
/* End PBXTargetDependency section */

/* Begin XCBuildConfiguration section */
		D1A000000000000000000101 /* Debug */ = {
			isa = XCBuildConfiguration;
			buildSettings = {
				ALWAYS_SEARCH_USER_PATHS = NO;
				CLANG_ENABLE_MODULES = YES;
				CLANG_ENABLE_OBJC_ARC = YES;
				COPY_PHASE_STRIP = NO;
				DEBUG_INFORMATION_FORMAT = dwarf;
				ENABLE_STRICT_OBJC_MSGSEND = YES;
				ENABLE_TESTABILITY = YES;
				ENABLE_USER_SCRIPT_SANDBOXING = YES;
				GCC_OPTIMIZATION_LEVEL = 0;
				GCC_PREPROCESSOR_DEFINITIONS = (
					"DEBUG=1",
					"$(inherited)",
				);
				MACOSX_DEPLOYMENT_TARGET = 14.0;
				ONLY_ACTIVE_ARCH = YES;
				SDKROOT = macosx;
				SWIFT_ACTIVE_COMPILATION_CONDITIONS = "DEBUG $(inherited)";
				SWIFT_OPTIMIZATION_LEVEL = "-Onone";
			};
			name = Debug;
		};
		D1A000000000000000000102 /* Release */ = {
			isa = XCBuildConfiguration;
			buildSettings = {
				ALWAYS_SEARCH_USER_PATHS = NO;
				CLANG_ENABLE_MODULES = YES;
				CLANG_ENABLE_OBJC_ARC = YES;
				COPY_PHASE_STRIP = NO;
				DEBUG_INFORMATION_FORMAT = "dwarf-with-dsym";
				ENABLE_NS_ASSERTIONS = NO;
				ENABLE_STRICT_OBJC_MSGSEND = YES;
				ENABLE_USER_SCRIPT_SANDBOXING = YES;
				MACOSX_DEPLOYMENT_TARGET = 14.0;
				SDKROOT = macosx;
				SWIFT_COMPILATION_MODE = wholemodule;
			};
			name = Release;
		};
		D1A000000000000000000103 /* Debug */ = {
			isa = XCBuildConfiguration;
			buildSettings = {
				ASSETCATALOG_COMPILER_APPICON_NAME = AppIcon;
				CODE_SIGN_ENTITLEMENTS = Support/LocalDrop.entitlements;
				CODE_SIGN_IDENTITY = "-";
				CODE_SIGN_STYLE = Automatic;
				COMBINE_HIDPI_IMAGES = YES;
				CURRENT_PROJECT_VERSION = 2;
				DEVELOPMENT_TEAM = RD3M3SSSYJ;
				ENABLE_HARDENED_RUNTIME = YES;
				GENERATE_INFOPLIST_FILE = YES;
				INFOPLIST_FILE = Support/Info.plist;
				INFOPLIST_KEY_CFBundleDisplayName = "Dewlet";
				INFOPLIST_KEY_LSApplicationCategoryType = "public.app-category.utilities";
				INFOPLIST_KEY_LSUIElement = YES;
				INFOPLIST_KEY_NSBluetoothAlwaysUsageDescription = "Dewlet uses Bluetooth so that your Android devices can find this Mac nearby.";
				INFOPLIST_KEY_NSLocalNetworkUsageDescription = "Dewlet receives files directly from your devices over the local network.";
				LD_RUNPATH_SEARCH_PATHS = (
					"$(inherited)",
					"@executable_path/../Frameworks",
				);
				MARKETING_VERSION = 0.1.1;
				PRODUCT_BUNDLE_IDENTIFIER = com.zepponapps.localdrop.mac;
				PRODUCT_NAME = "$(TARGET_NAME)";
				SWIFT_APPROACHABLE_CONCURRENCY = YES;
				SWIFT_DEFAULT_ACTOR_ISOLATION = MainActor;
				SWIFT_EMIT_LOC_STRINGS = YES;
				SWIFT_VERSION = 6.0;
			};
			name = Debug;
		};
		D1A000000000000000000104 /* Release */ = {
			isa = XCBuildConfiguration;
			buildSettings = {
				ASSETCATALOG_COMPILER_APPICON_NAME = AppIcon;
				CODE_SIGN_ENTITLEMENTS = Support/LocalDrop.entitlements;
				CODE_SIGN_IDENTITY = "-";
				CODE_SIGN_STYLE = Automatic;
				COMBINE_HIDPI_IMAGES = YES;
				CURRENT_PROJECT_VERSION = 2;
				DEVELOPMENT_TEAM = RD3M3SSSYJ;
				ENABLE_HARDENED_RUNTIME = YES;
				GENERATE_INFOPLIST_FILE = YES;
				INFOPLIST_FILE = Support/Info.plist;
				INFOPLIST_KEY_CFBundleDisplayName = "Dewlet";
				INFOPLIST_KEY_LSApplicationCategoryType = "public.app-category.utilities";
				INFOPLIST_KEY_LSUIElement = YES;
				INFOPLIST_KEY_NSBluetoothAlwaysUsageDescription = "Dewlet uses Bluetooth so that your Android devices can find this Mac nearby.";
				INFOPLIST_KEY_NSLocalNetworkUsageDescription = "Dewlet receives files directly from your devices over the local network.";
				LD_RUNPATH_SEARCH_PATHS = (
					"$(inherited)",
					"@executable_path/../Frameworks",
				);
				MARKETING_VERSION = 0.1.1;
				PRODUCT_BUNDLE_IDENTIFIER = com.zepponapps.localdrop.mac;
				PRODUCT_NAME = "$(TARGET_NAME)";
				SWIFT_APPROACHABLE_CONCURRENCY = YES;
				SWIFT_DEFAULT_ACTOR_ISOLATION = MainActor;
				SWIFT_EMIT_LOC_STRINGS = YES;
				SWIFT_VERSION = 6.0;
			};
			name = Release;
		};
		D1A000000000000000000105 /* Debug */ = {
			isa = XCBuildConfiguration;
			buildSettings = {
				CODE_SIGN_ENTITLEMENTS = Support/LocalDropShare.entitlements;
				CODE_SIGN_IDENTITY = "-";
				CODE_SIGN_STYLE = Automatic;
				CURRENT_PROJECT_VERSION = 2;
				DEVELOPMENT_TEAM = RD3M3SSSYJ;
				ENABLE_HARDENED_RUNTIME = YES;
				GENERATE_INFOPLIST_FILE = YES;
				INFOPLIST_FILE = Support/ShareInfo.plist;
				INFOPLIST_KEY_CFBundleDisplayName = "Dewlet";
				LD_RUNPATH_SEARCH_PATHS = (
					"$(inherited)",
					"@executable_path/../Frameworks",
					"@executable_path/../../../../Frameworks",
				);
				MARKETING_VERSION = 0.1.1;
				PRODUCT_BUNDLE_IDENTIFIER = com.zepponapps.localdrop.mac.share;
				PRODUCT_NAME = "$(TARGET_NAME)";
				SKIP_INSTALL = YES;
				SWIFT_APPROACHABLE_CONCURRENCY = YES;
				SWIFT_DEFAULT_ACTOR_ISOLATION = MainActor;
				SWIFT_EMIT_LOC_STRINGS = YES;
				SWIFT_VERSION = 6.0;
			};
			name = Debug;
		};
		D1A000000000000000000106 /* Release */ = {
			isa = XCBuildConfiguration;
			buildSettings = {
				CODE_SIGN_ENTITLEMENTS = Support/LocalDropShare.entitlements;
				CODE_SIGN_IDENTITY = "-";
				CODE_SIGN_STYLE = Automatic;
				CURRENT_PROJECT_VERSION = 2;
				DEVELOPMENT_TEAM = RD3M3SSSYJ;
				ENABLE_HARDENED_RUNTIME = YES;
				GENERATE_INFOPLIST_FILE = YES;
				INFOPLIST_FILE = Support/ShareInfo.plist;
				INFOPLIST_KEY_CFBundleDisplayName = "Dewlet";
				LD_RUNPATH_SEARCH_PATHS = (
					"$(inherited)",
					"@executable_path/../Frameworks",
					"@executable_path/../../../../Frameworks",
				);
				MARKETING_VERSION = 0.1.1;
				PRODUCT_BUNDLE_IDENTIFIER = com.zepponapps.localdrop.mac.share;
				PRODUCT_NAME = "$(TARGET_NAME)";
				SKIP_INSTALL = YES;
				SWIFT_APPROACHABLE_CONCURRENCY = YES;
				SWIFT_DEFAULT_ACTOR_ISOLATION = MainActor;
				SWIFT_EMIT_LOC_STRINGS = YES;
				SWIFT_VERSION = 6.0;
			};
			name = Release;
		};
		D1A000000000000000000107 /* Debug */ = {
			isa = XCBuildConfiguration;
			buildSettings = {
				BUNDLE_LOADER = "$(TEST_HOST)";
				CODE_SIGN_STYLE = Automatic;
				CURRENT_PROJECT_VERSION = 2;
				DEVELOPMENT_TEAM = RD3M3SSSYJ;
				GENERATE_INFOPLIST_FILE = YES;
				MARKETING_VERSION = 0.1.1;
				PRODUCT_BUNDLE_IDENTIFIER = com.zepponapps.localdrop.mac.tests;
				PRODUCT_NAME = "$(TARGET_NAME)";
				SWIFT_APPROACHABLE_CONCURRENCY = YES;
				SWIFT_DEFAULT_ACTOR_ISOLATION = MainActor;
				SWIFT_VERSION = 6.0;
				TEST_HOST = "$(BUILT_PRODUCTS_DIR)/LocalDrop.app/Contents/MacOS/LocalDrop";
			};
			name = Debug;
		};
		D1A000000000000000000108 /* Release */ = {
			isa = XCBuildConfiguration;
			buildSettings = {
				BUNDLE_LOADER = "$(TEST_HOST)";
				CODE_SIGN_STYLE = Automatic;
				CURRENT_PROJECT_VERSION = 2;
				DEVELOPMENT_TEAM = RD3M3SSSYJ;
				GENERATE_INFOPLIST_FILE = YES;
				MARKETING_VERSION = 0.1.1;
				PRODUCT_BUNDLE_IDENTIFIER = com.zepponapps.localdrop.mac.tests;
				PRODUCT_NAME = "$(TARGET_NAME)";
				SWIFT_APPROACHABLE_CONCURRENCY = YES;
				SWIFT_DEFAULT_ACTOR_ISOLATION = MainActor;
				SWIFT_VERSION = 6.0;
				TEST_HOST = "$(BUILT_PRODUCTS_DIR)/LocalDrop.app/Contents/MacOS/LocalDrop";
			};
			name = Release;
		};
/* End XCBuildConfiguration section */

/* Begin XCConfigurationList section */
		D1A0000000000000000000F1 /* Build configuration list for PBXProject "LocalDrop" */ = {
			isa = XCConfigurationList;
			buildConfigurations = (
				D1A000000000000000000101 /* Debug */,
				D1A000000000000000000102 /* Release */,
			);
			defaultConfigurationIsVisible = 0;
			defaultConfigurationName = Release;
		};
		D1A0000000000000000000F2 /* Build configuration list for PBXNativeTarget "LocalDrop" */ = {
			isa = XCConfigurationList;
			buildConfigurations = (
				D1A000000000000000000103 /* Debug */,
				D1A000000000000000000104 /* Release */,
			);
			defaultConfigurationIsVisible = 0;
			defaultConfigurationName = Release;
		};
		D1A0000000000000000000F3 /* Build configuration list for PBXNativeTarget "LocalDropShare" */ = {
			isa = XCConfigurationList;
			buildConfigurations = (
				D1A000000000000000000105 /* Debug */,
				D1A000000000000000000106 /* Release */,
			);
			defaultConfigurationIsVisible = 0;
			defaultConfigurationName = Release;
		};
		D1A0000000000000000000F4 /* Build configuration list for PBXNativeTarget "LocalDropTests" */ = {
			isa = XCConfigurationList;
			buildConfigurations = (
				D1A000000000000000000107 /* Debug */,
				D1A000000000000000000108 /* Release */,
			);
			defaultConfigurationIsVisible = 0;
			defaultConfigurationName = Release;
		};
/* End XCConfigurationList section */
	};
	rootObject = D1A0000000000000000000E0 /* Project object */;
}
